
Microsoft Visual Studio Solution File, Format Version 12.00
# Visual Studio 15
VisualStudioVersion = 15.0.27703.2042
MinimumVisualStudioVersion = 10.0.40219.1
Project("{9A19103F-16F7-4668-BE54-9A1E7A4F7556}") = "lab-chat-angular", "lab-chat-angular\lab-chat-angular.csproj", "{1BAC1A7E-2D10-4DD0-9CE0-02ABFC3175D5}"
EndProject
Project("{E53339B2-1760-4266-BCC7-CA923CBCF16C}") = "docker-compose", "docker-compose.dcproj", "{2483E480-381F-4CB6-A8A9-548843D65720}"
EndProject
Global
	GlobalSection(SolutionConfigurationPlatforms) = preSolution
		Debug|Any CPU = Debug|Any CPU
		Release|Any CPU = Release|Any CPU
	EndGlobalSection
	GlobalSection(ProjectConfigurationPlatforms) = postSolution
		{1BAC1A7E-2D10-4DD0-9CE0-02ABFC3175D5}.Debug|Any CPU.ActiveCfg = Debug|Any CPU
		{1BAC1A7E-2D10-4DD0-9CE0-02ABFC3175D5}.Debug|Any CPU.Build.0 = Debug|Any CPU
		{1BAC1A7E-2D10-4DD0-9CE0-02ABFC3175D5}.Release|Any CPU.ActiveCfg = Release|Any CPU
		{1BAC1A7E-2D10-4DD0-9CE0-02ABFC3175D5}.Release|Any CPU.Build.0 = Release|Any CPU
		{2483E480-381F-4CB6-A8A9-548843D65720}.Debug|Any CPU.ActiveCfg = Debug|Any CPU
		{2483E480-381F-4CB6-A8A9-548843D65720}.Debug|Any CPU.Build.0 = Debug|Any CPU
		{2483E480-381F-4CB6-A8A9-548843D65720}.Release|Any CPU.ActiveCfg = Release|Any CPU
		{2483E480-381F-4CB6-A8A9-548843D65720}.Release|Any CPU.Build.0 = Release|Any CPU
	EndGlobalSection
	GlobalSection(SolutionProperties) = preSolution
		HideSolutionNode = FALSE
	EndGlobalSection
	GlobalSection(ExtensibilityGlobals) = postSolution
		SolutionGuid = {E5C907AF-4EC3-4DF7-BB87-1925DBC018BF}
	EndGlobalSection
EndGlobal
